// !$*UTF8*$!
{
	archiveVersion = 1;
	classes = {
	};
	objectVersion = 55;
	objects = {

/* Begin PBXBuildFile section */
		A800F9DA27F18BD500A0FFCE /* UserInfo.swift in Sources */ = {isa = PBXBuildFile; fileRef = A800F9D927F18BD500A0FFCE /* UserInfo.swift */; };
		A82F26ED28166B6B00DA01BC /* FeedAPIInput.swift in Sources */ = {isa = PBXBuildFile; fileRef = A82F26EC28166B6B00DA01BC /* FeedAPIInput.swift */; };
		A82F26EF28166BBC00DA01BC /* FeedModel.swift in Sources */ = {isa = PBXBuildFile; fileRef = A82F26EE28166BBC00DA01BC /* FeedModel.swift */; };
		A82F26F128166C0000DA01BC /* FeedDataManager.swift in Sources */ = {isa = PBXBuildFile; fileRef = A82F26F028166C0000DA01BC /* FeedDataManager.swift */; };
		A82F26F628168C7D00DA01BC /* FeedUploadModel.swift in Sources */ = {isa = PBXBuildFile; fileRef = A82F26F528168C7D00DA01BC /* FeedUploadModel.swift */; };
		A82F26F828168D1B00DA01BC /* FeedUploadDataManager.swift in Sources */ = {isa = PBXBuildFile; fileRef = A82F26F728168D1B00DA01BC /* FeedUploadDataManager.swift */; };
		A841DFC427ED7E0F0046B4EE /* LoginViewController.swift in Sources */ = {isa = PBXBuildFile; fileRef = A841DFC327ED7E0E0046B4EE /* LoginViewController.swift */; };
		A841DFC627ED82080046B4EE /* RegisterViewController.swift in Sources */ = {isa = PBXBuildFile; fileRef = A841DFC527ED82080046B4EE /* RegisterViewController.swift */; };
		A841DFC827F172B10046B4EE /* UIView+Extension.swift in Sources */ = {isa = PBXBuildFile; fileRef = A841DFC727F172B10046B4EE /* UIView+Extension.swift */; };
		A841DFCA27F1746E0046B4EE /* UIViewController+Extension.swift in Sources */ = {isa = PBXBuildFile; fileRef = A841DFC927F1746E0046B4EE /* UIViewController+Extension.swift */; };
		A85A0FF627FEAE3600FD3968 /* StoryTableViewCell.swift in Sources */ = {isa = PBXBuildFile; fileRef = A85A0FF427FEAE3600FD3968 /* StoryTableViewCell.swift */; };
		A85A0FF727FEAE3600FD3968 /* StoryTableViewCell.xib in Resources */ = {isa = PBXBuildFile; fileRef = A85A0FF527FEAE3600FD3968 /* StoryTableViewCell.xib */; };
		A85A0FFA27FEB1DD00FD3968 /* StoryCollectionViewCell.swift in Sources */ = {isa = PBXBuildFile; fileRef = A85A0FF827FEB1DD00FD3968 /* StoryCollectionViewCell.swift */; };
		A85A0FFB27FEB1DD00FD3968 /* StoryCollectionViewCell.xib in Resources */ = {isa = PBXBuildFile; fileRef = A85A0FF927FEB1DD00FD3968 /* StoryCollectionViewCell.xib */; };
		A88206CD27FC331600F68FCD /* FeedTableViewCell.swift in Sources */ = {isa = PBXBuildFile; fileRef = A88206CB27FC331600F68FCD /* FeedTableViewCell.swift */; };
		A88206CE27FC331600F68FCD /* FeedTableViewCell.xib in Resources */ = {isa = PBXBuildFile; fileRef = A88206CC27FC331600F68FCD /* FeedTableViewCell.xib */; };
		A8A54E741C632DC4EE79F96B /* Pods_Catstagram.framework in Frameworks */ = {isa = PBXBuildFile; fileRef = 10F2E9CCADA617CCD63F217F /* Pods_Catstagram.framework */; };
		A8AC9F7427E313190042F849 /* AppDelegate.swift in Sources */ = {isa = PBXBuildFile; fileRef = A8AC9F7327E313190042F849 /* AppDelegate.swift */; };
		A8AC9F7627E313190042F849 /* SceneDelegate.swift in Sources */ = {isa = PBXBuildFile; fileRef = A8AC9F7527E313190042F849 /* SceneDelegate.swift */; };
		A8AC9F7B27E313190042F849 /* Main.storyboard in Resources */ = {isa = PBXBuildFile; fileRef = A8AC9F7927E313190042F849 /* Main.storyboard */; };
		A8AC9F7D27E3131D0042F849 /* Assets.xcassets in Resources */ = {isa = PBXBuildFile; fileRef = A8AC9F7C27E3131D0042F849 /* Assets.xcassets */; };
		A8AC9F8027E3131D0042F849 /* LaunchScreen.storyboard in Resources */ = {isa = PBXBuildFile; fileRef = A8AC9F7E27E3131D0042F849 /* LaunchScreen.storyboard */; };
		A8D92FB52807C69900B4B410 /* ProfileViewController.swift in Sources */ = {isa = PBXBuildFile; fileRef = A8D92FB42807C69900B4B410 /* ProfileViewController.swift */; };
		A8D92FB92807E82D00B4B410 /* ProfileCollectionViewCell.swift in Sources */ = {isa = PBXBuildFile; fileRef = A8D92FB72807E82D00B4B410 /* ProfileCollectionViewCell.swift */; };
		A8D92FBA2807E82D00B4B410 /* ProfileCollectionViewCell.xib in Resources */ = {isa = PBXBuildFile; fileRef = A8D92FB82807E82D00B4B410 /* ProfileCollectionViewCell.xib */; };
		A8D92FBE280921AF00B4B410 /* PostCollectionViewCell.swift in Sources */ = {isa = PBXBuildFile; fileRef = A8D92FBC280921AF00B4B410 /* PostCollectionViewCell.swift */; };
		A8D92FBF280921AF00B4B410 /* PostCollectionViewCell.xib in Resources */ = {isa = PBXBuildFile; fileRef = A8D92FBD280921AF00B4B410 /* PostCollectionViewCell.xib */; };
		A8EC3A8D27FC1B6200E08BA4 /* HomeViewController.swift in Sources */ = {isa = PBXBuildFile; fileRef = A8EC3A8C27FC1B6200E08BA4 /* HomeViewController.swift */; };
		A8F6E1BE2816B2940053EBC5 /* FeedUploadInput.swift in Sources */ = {isa = PBXBuildFile; fileRef = A8F6E1BD2816B2940053EBC5 /* FeedUploadInput.swift */; };
		A8F6E1C12816B5AA0053EBC5 /* UserFeedModel.swift in Sources */ = {isa = PBXBuildFile; fileRef = A8F6E1C02816B5A90053EBC5 /* UserFeedModel.swift */; };
		A8F6E1C32816BCEB0053EBC5 /* UserFeedDataManager.swift in Sources */ = {isa = PBXBuildFile; fileRef = A8F6E1C22816BCEB0053EBC5 /* UserFeedDataManager.swift */; };
		A8F6E1C7281CB5BC0053EBC5 /* DeleteUserFeed.swift in Sources */ = {isa = PBXBuildFile; fileRef = A8F6E1C6281CB5BC0053EBC5 /* DeleteUserFeed.swift */; };
		A8F6E1C9282E7E4E0053EBC5 /* ReelsViewController.swift in Sources */ = {isa = PBXBuildFile; fileRef = A8F6E1C8282E7E4E0053EBC5 /* ReelsViewController.swift */; };
		A8F6E1D1282E8A210053EBC5 /* ReelsCell.swift in Sources */ = {isa = PBXBuildFile; fileRef = A8F6E1D0282E8A210053EBC5 /* ReelsCell.swift */; };
		A8F6E1D3282E8C4A0053EBC5 /* VideoPlayerView.swift in Sources */ = {isa = PBXBuildFile; fileRef = A8F6E1D2282E8C4A0053EBC5 /* VideoPlayerView.swift */; };
		A8F6E1D628322CDC0053EBC5 /* bunny01.mp4 in Resources */ = {isa = PBXBuildFile; fileRef = A8F6E1D4282EA7AF0053EBC5 /* bunny01.mp4 */; };
		A8F6E1D728322CDC0053EBC5 /* bunny02.mp4 in Resources */ = {isa = PBXBuildFile; fileRef = A8F6E1D5282EA7AF0053EBC5 /* bunny02.mp4 */; };
/* End PBXBuildFile section */

/* Begin PBXFileReference section */
		10F2E9CCADA617CCD63F217F /* Pods_Catstagram.framework */ = {isa = PBXFileReference; explicitFileType = wrapper.framework; includeInIndex = 0; path = Pods_Catstagram.framework; sourceTree = BUILT_PRODUCTS_DIR; };
		5C8F23C0696D5EEE430A29E7 /* Pods-Catstagram.debug.xcconfig */ = {isa = PBXFileReference; includeInIndex = 1; lastKnownFileType = text.xcconfig; name = "Pods-Catstagram.debug.xcconfig"; path = "Target Support Files/Pods-Catstagram/Pods-Catstagram.debug.xcconfig"; sourceTree = "<group>"; };
		A800F9D927F18BD500A0FFCE /* UserInfo.swift */ = {isa = PBXFileReference; lastKnownFileType = sourcecode.swift; path = UserInfo.swift; sourceTree = "<group>"; };
		A82F26EC28166B6B00DA01BC /* FeedAPIInput.swift */ = {isa = PBXFileReference; lastKnownFileType = sourcecode.swift; path = FeedAPIInput.swift; sourceTree = "<group>"; };
		A82F26EE28166BBC00DA01BC /* FeedModel.swift */ = {isa = PBXFileReference; lastKnownFileType = sourcecode.swift; path = FeedModel.swift; sourceTree = "<group>"; };
		A82F26F028166C0000DA01BC /* FeedDataManager.swift */ = {isa = PBXFileReference; lastKnownFileType = sourcecode.swift; path = FeedDataManager.swift; sourceTree = "<group>"; };
		A82F26F528168C7D00DA01BC /* FeedUploadModel.swift */ = {isa = PBXFileReference; lastKnownFileType = sourcecode.swift; path = FeedUploadModel.swift; sourceTree = "<group>"; };
		A82F26F728168D1B00DA01BC /* FeedUploadDataManager.swift */ = {isa = PBXFileReference; lastKnownFileType = sourcecode.swift; path = FeedUploadDataManager.swift; sourceTree = "<group>"; };
		A841DFC327ED7E0E0046B4EE /* LoginViewController.swift */ = {isa = PBXFileReference; lastKnownFileType = sourcecode.swift; path = LoginViewController.swift; sourceTree = "<group>"; };
		A841DFC527ED82080046B4EE /* RegisterViewController.swift */ = {isa = PBXFileReference; lastKnownFileType = sourcecode.swift; path = RegisterViewController.swift; sourceTree = "<group>"; };
		A841DFC727F172B10046B4EE /* UIView+Extension.swift */ = {isa = PBXFileReference; lastKnownFileType = sourcecode.swift; path = "UIView+Extension.swift"; sourceTree = "<group>"; };
		A841DFC927F1746E0046B4EE /* UIViewController+Extension.swift */ = {isa = PBXFileReference; lastKnownFileType = sourcecode.swift; path = "UIViewController+Extension.swift"; sourceTree = "<group>"; };
		A85A0FF427FEAE3600FD3968 /* StoryTableViewCell.swift */ = {isa = PBXFileReference; lastKnownFileType = sourcecode.swift; path = StoryTableViewCell.swift; sourceTree = "<group>"; };
		A85A0FF527FEAE3600FD3968 /* StoryTableViewCell.xib */ = {isa = PBXFileReference; lastKnownFileType = file.xib; path = StoryTableViewCell.xib; sourceTree = "<group>"; };
		A85A0FF827FEB1DD00FD3968 /* StoryCollectionViewCell.swift */ = {isa = PBXFileReference; lastKnownFileType = sourcecode.swift; path = StoryCollectionViewCell.swift; sourceTree = "<group>"; };
		A85A0FF927FEB1DD00FD3968 /* StoryCollectionViewCell.xib */ = {isa = PBXFileReference; lastKnownFileType = file.xib; path = StoryCollectionViewCell.xib; sourceTree = "<group>"; };
		A88206CB27FC331600F68FCD /* FeedTableViewCell.swift */ = {isa = PBXFileReference; lastKnownFileType = sourcecode.swift; path = FeedTableViewCell.swift; sourceTree = "<group>"; };
		A88206CC27FC331600F68FCD /* FeedTableViewCell.xib */ = {isa = PBXFileReference; lastKnownFileType = file.xib; path = FeedTableViewCell.xib; sourceTree = "<group>"; };
		A8AC9F7027E313190042F849 /* Catstagram.app */ = {isa = PBXFileReference; explicitFileType = wrapper.application; includeInIndex = 0; path = Catstagram.app; sourceTree = BUILT_PRODUCTS_DIR; };
		A8AC9F7327E313190042F849 /* AppDelegate.swift */ = {isa = PBXFileReference; lastKnownFileType = sourcecode.swift; path = AppDelegate.swift; sourceTree = "<group>"; };
		A8AC9F7527E313190042F849 /* SceneDelegate.swift */ = {isa = PBXFileReference; lastKnownFileType = sourcecode.swift; path = SceneDelegate.swift; sourceTree = "<group>"; };
		A8AC9F7A27E313190042F849 /* Base */ = {isa = PBXFileReference; lastKnownFileType = file.storyboard; name = Base; path = Base.lproj/Main.storyboard; sourceTree = "<group>"; };
		A8AC9F7C27E3131D0042F849 /* Assets.xcassets */ = {isa = PBXFileReference; lastKnownFileType = folder.assetcatalog; path = Assets.xcassets; sourceTree = "<group>"; };
		A8AC9F7F27E3131D0042F849 /* Base */ = {isa = PBXFileReference; lastKnownFileType = file.storyboard; name = Base; path = Base.lproj/LaunchScreen.storyboard; sourceTree = "<group>"; };
		A8AC9F8127E3131D0042F849 /* Info.plist */ = {isa = PBXFileReference; lastKnownFileType = text.plist.xml; path = Info.plist; sourceTree = "<group>"; };
		A8D92FB42807C69900B4B410 /* ProfileViewController.swift */ = {isa = PBXFileReference; lastKnownFileType = sourcecode.swift; path = ProfileViewController.swift; sourceTree = "<group>"; };
		A8D92FB72807E82D00B4B410 /* ProfileCollectionViewCell.swift */ = {isa = PBXFileReference; lastKnownFileType = sourcecode.swift; path = ProfileCollectionViewCell.swift; sourceTree = "<group>"; };
		A8D92FB82807E82D00B4B410 /* ProfileCollectionViewCell.xib */ = {isa = PBXFileReference; lastKnownFileType = file.xib; path = ProfileCollectionViewCell.xib; sourceTree = "<group>"; };
		A8D92FBC280921AF00B4B410 /* PostCollectionViewCell.swift */ = {isa = PBXFileReference; lastKnownFileType = sourcecode.swift; path = PostCollectionViewCell.swift; sourceTree = "<group>"; };
		A8D92FBD280921AF00B4B410 /* PostCollectionViewCell.xib */ = {isa = PBXFileReference; lastKnownFileType = file.xib; path = PostCollectionViewCell.xib; sourceTree = "<group>"; };
		A8EC3A8C27FC1B6200E08BA4 /* HomeViewController.swift */ = {isa = PBXFileReference; lastKnownFileType = sourcecode.swift; name = HomeViewController.swift; path = Home/HomeViewController.swift; sourceTree = "<group>"; };
		A8F6E1BD2816B2940053EBC5 /* FeedUploadInput.swift */ = {isa = PBXFileReference; fileEncoding = 4; lastKnownFileType = sourcecode.swift; path = FeedUploadInput.swift; sourceTree = "<group>"; };
		A8F6E1C02816B5A90053EBC5 /* UserFeedModel.swift */ = {isa = PBXFileReference; lastKnownFileType = sourcecode.swift; path = UserFeedModel.swift; sourceTree = "<group>"; };
		A8F6E1C22816BCEB0053EBC5 /* UserFeedDataManager.swift */ = {isa = PBXFileReference; lastKnownFileType = sourcecode.swift; path = UserFeedDataManager.swift; sourceTree = "<group>"; };
		A8F6E1C6281CB5BC0053EBC5 /* DeleteUserFeed.swift */ = {isa = PBXFileReference; lastKnownFileType = sourcecode.swift; path = DeleteUserFeed.swift; sourceTree = "<group>"; };
		A8F6E1C8282E7E4E0053EBC5 /* ReelsViewController.swift */ = {isa = PBXFileReference; lastKnownFileType = sourcecode.swift; path = ReelsViewController.swift; sourceTree = "<group>"; };
		A8F6E1D0282E8A210053EBC5 /* ReelsCell.swift */ = {isa = PBXFileReference; lastKnownFileType = sourcecode.swift; path = ReelsCell.swift; sourceTree = "<group>"; };
		A8F6E1D2282E8C4A0053EBC5 /* VideoPlayerView.swift */ = {isa = PBXFileReference; lastKnownFileType = sourcecode.swift; path = VideoPlayerView.swift; sourceTree = "<group>"; };
		A8F6E1D4282EA7AF0053EBC5 /* bunny01.mp4 */ = {isa = PBXFileReference; explicitFileType = video.mpeg; name = bunny01.mp4; path = "/Users/kim-yeonghyeon/Catstagram-clone/Catstagram_Aim/Catstagram/bunny01.mp4"; sourceTree = "<absolute>"; };
		A8F6E1D5282EA7AF0053EBC5 /* bunny02.mp4 */ = {isa = PBXFileReference; explicitFileType = video.mpeg; name = bunny02.mp4; path = "/Users/kim-yeonghyeon/Catstagram-clone/Catstagram_Aim/Catstagram/bunny02.mp4"; sourceTree = "<absolute>"; };
		EEC912FDF6C174AAAD663DC8 /* Pods-Catstagram.release.xcconfig */ = {isa = PBXFileReference; includeInIndex = 1; lastKnownFileType = text.xcconfig; name = "Pods-Catstagram.release.xcconfig"; path = "Target Support Files/Pods-Catstagram/Pods-Catstagram.release.xcconfig"; sourceTree = "<group>"; };
/* End PBXFileReference section */

/* Begin PBXFrameworksBuildPhase section */
		A8AC9F6D27E313190042F849 /* Frameworks */ = {
			isa = PBXFrameworksBuildPhase;
			buildActionMask = 2147483647;
			files = (
				A8A54E741C632DC4EE79F96B /* Pods_Catstagram.framework in Frameworks */,
			);
			runOnlyForDeploymentPostprocessing = 0;
		};
/* End PBXFrameworksBuildPhase section */

/* Begin PBXGroup section */
		3140F38335FC8369B98589BB /* Frameworks */ = {
			isa = PBXGroup;
			children = (
				10F2E9CCADA617CCD63F217F /* Pods_Catstagram.framework */,
			);
			name = Frameworks;
			sourceTree = "<group>";
		};
		782470243E34F4B170873E62 /* Pods */ = {
			isa = PBXGroup;
			children = (
				5C8F23C0696D5EEE430A29E7 /* Pods-Catstagram.debug.xcconfig */,
				EEC912FDF6C174AAAD663DC8 /* Pods-Catstagram.release.xcconfig */,
			);
			path = Pods;
			sourceTree = "<group>";
		};
		A82F26E9280FE32900DA01BC /* Cell_story */ = {
			isa = PBXGroup;
			children = (
				A85A0FF427FEAE3600FD3968 /* StoryTableViewCell.swift */,
				A85A0FF527FEAE3600FD3968 /* StoryTableViewCell.xib */,
				A85A0FF827FEB1DD00FD3968 /* StoryCollectionViewCell.swift */,
				A85A0FF927FEB1DD00FD3968 /* StoryCollectionViewCell.xib */,
			);
			name = Cell_story;
			path = Home/Cell_story;
			sourceTree = "<group>";
		};
		A82F26EA28166B3200DA01BC /* FeedDataManager */ = {
			isa = PBXGroup;
			children = (
				A82F26EC28166B6B00DA01BC /* FeedAPIInput.swift */,
				A82F26EE28166BBC00DA01BC /* FeedModel.swift */,
				A82F26F028166C0000DA01BC /* FeedDataManager.swift */,
			);
			path = FeedDataManager;
			sourceTree = "<group>";
		};
		A82F26F228168BC200DA01BC /* FeedUploadDataManager */ = {
			isa = PBXGroup;
			children = (
				A8F6E1BD2816B2940053EBC5 /* FeedUploadInput.swift */,
				A82F26F528168C7D00DA01BC /* FeedUploadModel.swift */,
				A82F26F728168D1B00DA01BC /* FeedUploadDataManager.swift */,
			);
			path = FeedUploadDataManager;
			sourceTree = "<group>";
		};
		A82F26F92816A98200DA01BC /* App */ = {
			isa = PBXGroup;
			children = (
				A8AC9F7327E313190042F849 /* AppDelegate.swift */,
				A8AC9F7527E313190042F849 /* SceneDelegate.swift */,
			);
			path = App;
			sourceTree = "<group>";
		};
		A82F26FA2816A9A900DA01BC /* Authentication */ = {
			isa = PBXGroup;
			children = (
				A841DFC527ED82080046B4EE /* RegisterViewController.swift */,
				A841DFC327ED7E0E0046B4EE /* LoginViewController.swift */,
			);
			path = Authentication;
			sourceTree = "<group>";
		};
		A82F26FB2816A9DF00DA01BC /* UserInterface */ = {
			isa = PBXGroup;
			children = (
				A8EC3A8B27FC1B3B00E08BA4 /* Home */,
				A8D92FB32807C65F00B4B410 /* Profile */,
				A82F26FA2816A9A900DA01BC /* Authentication */,
			);
			path = UserInterface;
			sourceTree = "<group>";
		};
		A8AC9F6727E313190042F849 = {
			isa = PBXGroup;
			children = (
				A8AC9F7227E313190042F849 /* Catstagram */,
				A8AC9F7127E313190042F849 /* Products */,
				782470243E34F4B170873E62 /* Pods */,
				3140F38335FC8369B98589BB /* Frameworks */,
			);
			sourceTree = "<group>";
		};
		A8AC9F7127E313190042F849 /* Products */ = {
			isa = PBXGroup;
			children = (
				A8AC9F7027E313190042F849 /* Catstagram.app */,
			);
			name = Products;
			sourceTree = "<group>";
		};
		A8AC9F7227E313190042F849 /* Catstagram */ = {
			isa = PBXGroup;
			children = (
				A82F26F92816A98200DA01BC /* App */,
				A82F26FB2816A9DF00DA01BC /* UserInterface */,
				A8AC9F7927E313190042F849 /* Main.storyboard */,
				A8F6E1C8282E7E4E0053EBC5 /* ReelsViewController.swift */,
				A8F6E1D0282E8A210053EBC5 /* ReelsCell.swift */,
				A8F6E1D2282E8C4A0053EBC5 /* VideoPlayerView.swift */,
				A8AC9F7E27E3131D0042F849 /* LaunchScreen.storyboard */,
				A800F9D927F18BD500A0FFCE /* UserInfo.swift */,
				A841DFC727F172B10046B4EE /* UIView+Extension.swift */,
				A841DFC927F1746E0046B4EE /* UIViewController+Extension.swift */,
				A8AC9F7C27E3131D0042F849 /* Assets.xcassets */,
				A8AC9F8127E3131D0042F849 /* Info.plist */,
				A8F6E1D4282EA7AF0053EBC5 /* bunny01.mp4 */,
				A8F6E1D5282EA7AF0053EBC5 /* bunny02.mp4 */,
			);
			path = Catstagram;
			sourceTree = "<group>";
		};
		A8D92FB32807C65F00B4B410 /* Profile */ = {
			isa = PBXGroup;
			children = (
				A8D92FB42807C69900B4B410 /* ProfileViewController.swift */,
				A8D92FBB2809219400B4B410 /* Cell_post */,
				A8D92FB62807E7A000B4B410 /* Cell_profile */,
				A8F6E1BF2816B5850053EBC5 /* UserFeedDataManager */,
			);
			name = Profile;
			path = Home;
			sourceTree = "<group>";
		};
		A8D92FB62807E7A000B4B410 /* Cell_profile */ = {
			isa = PBXGroup;
			children = (
				A8D92FB72807E82D00B4B410 /* ProfileCollectionViewCell.swift */,
				A8D92FB82807E82D00B4B410 /* ProfileCollectionViewCell.xib */,
			);
			path = Cell_profile;
			sourceTree = "<group>";
		};
		A8D92FBB2809219400B4B410 /* Cell_post */ = {
			isa = PBXGroup;
			children = (
				A8D92FBC280921AF00B4B410 /* PostCollectionViewCell.swift */,
				A8D92FBD280921AF00B4B410 /* PostCollectionViewCell.xib */,
			);
			path = Cell_post;
			sourceTree = "<group>";
		};
		A8EC3A8B27FC1B3B00E08BA4 /* Home */ = {
			isa = PBXGroup;
			children = (
				A8EC3A8C27FC1B6200E08BA4 /* HomeViewController.swift */,
				A82F26E9280FE32900DA01BC /* Cell_story */,
				A8EC3A8E27FC1DF500E08BA4 /* Cell_feed */,
				A82F26F228168BC200DA01BC /* FeedUploadDataManager */,
				A82F26EA28166B3200DA01BC /* FeedDataManager */,
			);
			name = Home;
			sourceTree = "<group>";
		};
		A8EC3A8E27FC1DF500E08BA4 /* Cell_feed */ = {
			isa = PBXGroup;
			children = (
				A88206CB27FC331600F68FCD /* FeedTableViewCell.swift */,
				A88206CC27FC331600F68FCD /* FeedTableViewCell.xib */,
			);
			name = Cell_feed;
			path = Home/Cell_feed;
			sourceTree = "<group>";
		};
		A8F6E1BF2816B5850053EBC5 /* UserFeedDataManager */ = {
			isa = PBXGroup;
			children = (
				A8F6E1C22816BCEB0053EBC5 /* UserFeedDataManager.swift */,
				A8F6E1C5281CB5910053EBC5 /* UserFeed */,
				A8F6E1C4281CB5780053EBC5 /* DeleteUserFeed */,
			);
			path = UserFeedDataManager;
			sourceTree = "<group>";
		};
		A8F6E1C4281CB5780053EBC5 /* DeleteUserFeed */ = {
			isa = PBXGroup;
			children = (
				A8F6E1C6281CB5BC0053EBC5 /* DeleteUserFeed.swift */,
			);
			path = DeleteUserFeed;
			sourceTree = "<group>";
		};
		A8F6E1C5281CB5910053EBC5 /* UserFeed */ = {
			isa = PBXGroup;
			children = (
				A8F6E1C02816B5A90053EBC5 /* UserFeedModel.swift */,
			);
			path = UserFeed;
			sourceTree = "<group>";
		};
/* End PBXGroup section */

/* Begin PBXNativeTarget section */
		A8AC9F6F27E313190042F849 /* Catstagram */ = {
			isa = PBXNativeTarget;
			buildConfigurationList = A8AC9F8427E3131D0042F849 /* Build configuration list for PBXNativeTarget "Catstagram" */;
			buildPhases = (
				FA4C8CB4CF3DEC48AFBCFA22 /* [CP] Check Pods Manifest.lock */,
				A8AC9F6C27E313190042F849 /* Sources */,
				A8AC9F6D27E313190042F849 /* Frameworks */,
				A8AC9F6E27E313190042F849 /* Resources */,
				3AB0AD368E87F05B356A5F00 /* [CP] Embed Pods Frameworks */,
			);
			buildRules = (
			);
			dependencies = (
			);
			name = Catstagram;
			productName = Catstagram;
			productReference = A8AC9F7027E313190042F849 /* Catstagram.app */;
			productType = "com.apple.product-type.application";
		};
/* End PBXNativeTarget section */

/* Begin PBXProject section */
		A8AC9F6827E313190042F849 /* Project object */ = {
			isa = PBXProject;
			attributes = {
				BuildIndependentTargetsInParallel = 1;
				LastSwiftUpdateCheck = 1330;
				LastUpgradeCheck = 1330;
				TargetAttributes = {
					A8AC9F6F27E313190042F849 = {
						CreatedOnToolsVersion = 13.3;
					};
				};
			};
			buildConfigurationList = A8AC9F6B27E313190042F849 /* Build configuration list for PBXProject "Catstagram" */;
			compatibilityVersion = "Xcode 13.0";
			developmentRegion = en;
			hasScannedForEncodings = 0;
			knownRegions = (
				en,
				Base,
			);
			mainGroup = A8AC9F6727E313190042F849;
			productRefGroup = A8AC9F7127E313190042F849 /* Products */;
			projectDirPath = "";
			projectRoot = "";
			targets = (
				A8AC9F6F27E313190042F849 /* Catstagram */,
			);
		};
/* End PBXProject section */

/* Begin PBXResourcesBuildPhase section */
		A8AC9F6E27E313190042F849 /* Resources */ = {
			isa = PBXResourcesBuildPhase;
			buildActionMask = 2147483647;
			files = (
				A8F6E1D628322CDC0053EBC5 /* bunny01.mp4 in Resources */,
				A8F6E1D728322CDC0053EBC5 /* bunny02.mp4 in Resources */,
				A8D92FBF280921AF00B4B410 /* PostCollectionViewCell.xib in Resources */,
				A8AC9F8027E3131D0042F849 /* LaunchScreen.storyboard in Resources */,
				A88206CE27FC331600F68FCD /* FeedTableViewCell.xib in Resources */,
				A8AC9F7D27E3131D0042F849 /* Assets.xcassets in Resources */,
				A8D92FBA2807E82D00B4B410 /* ProfileCollectionViewCell.xib in Resources */,
				A85A0FF727FEAE3600FD3968 /* StoryTableViewCell.xib in Resources */,
				A85A0FFB27FEB1DD00FD3968 /* StoryCollectionViewCell.xib in Resources */,
				A8AC9F7B27E313190042F849 /* Main.storyboard in Resources */,
			);
			runOnlyForDeploymentPostprocessing = 0;
		};
/* End PBXResourcesBuildPhase section */

/* Begin PBXShellScriptBuildPhase section */
		3AB0AD368E87F05B356A5F00 /* [CP] Embed Pods Frameworks */ = {
			isa = PBXShellScriptBuildPhase;
			buildActionMask = 2147483647;
			files = (
			);
			inputFileListPaths = (
				"${PODS_ROOT}/Target Support Files/Pods-Catstagram/Pods-Catstagram-frameworks-${CONFIGURATION}-input-files.xcfilelist",
			);
			name = "[CP] Embed Pods Frameworks";
			outputFileListPaths = (
				"${PODS_ROOT}/Target Support Files/Pods-Catstagram/Pods-Catstagram-frameworks-${CONFIGURATION}-output-files.xcfilelist",
			);
			runOnlyForDeploymentPostprocessing = 0;
			shellPath = /bin/sh;
			shellScript = "\"${PODS_ROOT}/Target Support Files/Pods-Catstagram/Pods-Catstagram-frameworks.sh\"\n";
			showEnvVarsInLog = 0;
		};
		FA4C8CB4CF3DEC48AFBCFA22 /* [CP] Check Pods Manifest.lock */ = {
			isa = PBXShellScriptBuildPhase;
			buildActionMask = 2147483647;
			files = (
			);
			inputFileListPaths = (
			);
			inputPaths = (
				"${PODS_PODFILE_DIR_PATH}/Podfile.lock",
				"${PODS_ROOT}/Manifest.lock",
			);
			name = "[CP] Check Pods Manifest.lock";
			outputFileListPaths = (
			);
			outputPaths = (
				"$(DERIVED_FILE_DIR)/Pods-Catstagram-checkManifestLockResult.txt",
			);
			runOnlyForDeploymentPostprocessing = 0;
			shellPath = /bin/sh;
			shellScript = "diff \"${PODS_PODFILE_DIR_PATH}/Podfile.lock\" \"${PODS_ROOT}/Manifest.lock\" > /dev/null\nif [ $? != 0 ] ; then\n    # print error to STDERR\n    echo \"error: The sandbox is not in sync with the Podfile.lock. Run 'pod install' or update your CocoaPods installation.\" >&2\n    exit 1\nfi\n# This output is used by Xcode 'outputs' to avoid re-running this script phase.\necho \"SUCCESS\" > \"${SCRIPT_OUTPUT_FILE_0}\"\n";
			showEnvVarsInLog = 0;
		};
/* End PBXShellScriptBuildPhase section */

/* Begin PBXSourcesBuildPhase section */
		A8AC9F6C27E313190042F849 /* Sources */ = {
			isa = PBXSourcesBuildPhase;
			buildActionMask = 2147483647;
			files = (
				A8F6E1D1282E8A210053EBC5 /* ReelsCell.swift in Sources */,
				A841DFCA27F1746E0046B4EE /* UIViewController+Extension.swift in Sources */,
				A841DFC427ED7E0F0046B4EE /* LoginViewController.swift in Sources */,
				A82F26ED28166B6B00DA01BC /* FeedAPIInput.swift in Sources */,
				A85A0FFA27FEB1DD00FD3968 /* StoryCollectionViewCell.swift in Sources */,
				A8F6E1C7281CB5BC0053EBC5 /* DeleteUserFeed.swift in Sources */,
				A841DFC627ED82080046B4EE /* RegisterViewController.swift in Sources */,
				A8EC3A8D27FC1B6200E08BA4 /* HomeViewController.swift in Sources */,
				A8AC9F7427E313190042F849 /* AppDelegate.swift in Sources */,
				A8D92FB52807C69900B4B410 /* ProfileViewController.swift in Sources */,
				A8F6E1C32816BCEB0053EBC5 /* UserFeedDataManager.swift in Sources */,
				A8F6E1D3282E8C4A0053EBC5 /* VideoPlayerView.swift in Sources */,
				A841DFC827F172B10046B4EE /* UIView+Extension.swift in Sources */,
				A8F6E1BE2816B2940053EBC5 /* FeedUploadInput.swift in Sources */,
				A8D92FB92807E82D00B4B410 /* ProfileCollectionViewCell.swift in Sources */,
				A82F26F628168C7D00DA01BC /* FeedUploadModel.swift in Sources */,
				A82F26F828168D1B00DA01BC /* FeedUploadDataManager.swift in Sources */,
				A800F9DA27F18BD500A0FFCE /* UserInfo.swift in Sources */,
				A82F26F128166C0000DA01BC /* FeedDataManager.swift in Sources */,
				A88206CD27FC331600F68FCD /* FeedTableViewCell.swift in Sources */,
				A8AC9F7627E313190042F849 /* SceneDelegate.swift in Sources */,
				A8D92FBE280921AF00B4B410 /* PostCollectionViewCell.swift in Sources */,
				A8F6E1C12816B5AA0053EBC5 /* UserFeedModel.swift in Sources */,
				A85A0FF627FEAE3600FD3968 /* StoryTableViewCell.swift in Sources */,
				A8F6E1C9282E7E4E0053EBC5 /* ReelsViewController.swift in Sources */,
				A82F26EF28166BBC00DA01BC /* FeedModel.swift in Sources */,
			);
			runOnlyForDeploymentPostprocessing = 0;
		};
/* End PBXSourcesBuildPhase section */

/* Begin PBXVariantGroup section */
		A8AC9F7927E313190042F849 /* Main.storyboard */ = {
			isa = PBXVariantGroup;
			children = (
				A8AC9F7A27E313190042F849 /* Base */,
			);
			name = Main.storyboard;
			sourceTree = "<group>";
		};
		A8AC9F7E27E3131D0042F849 /* LaunchScreen.storyboard */ = {
			isa = PBXVariantGroup;
			children = (
				A8AC9F7F27E3131D0042F849 /* Base */,
			);
			name = LaunchScreen.storyboard;
			sourceTree = "<group>";
		};
/* End PBXVariantGroup section */

/* Begin XCBuildConfiguration section */
		A8AC9F8227E3131D0042F849 /* Debug */ = {
			isa = XCBuildConfiguration;
			buildSettings = {
				ALWAYS_SEARCH_USER_PATHS = NO;
				CLANG_ANALYZER_NONNULL = YES;
				CLANG_ANALYZER_NUMBER_OBJECT_CONVERSION = YES_AGGRESSIVE;
				CLANG_CXX_LANGUAGE_STANDARD = "gnu++17";
				CLANG_ENABLE_MODULES = YES;
				CLANG_ENABLE_OBJC_ARC = YES;
				CLANG_ENABLE_OBJC_WEAK = YES;
				CLANG_WARN_BLOCK_CAPTURE_AUTORELEASING = YES;
				CLANG_WARN_BOOL_CONVERSION = YES;
				CLANG_WARN_COMMA = YES;
				CLANG_WARN_CONSTANT_CONVERSION = YES;
				CLANG_WARN_DEPRECATED_OBJC_IMPLEMENTATIONS = YES;
				CLANG_WARN_DIRECT_OBJC_ISA_USAGE = YES_ERROR;
				CLANG_WARN_DOCUMENTATION_COMMENTS = YES;
				CLANG_WARN_EMPTY_BODY = YES;
				CLANG_WARN_ENUM_CONVERSION = YES;
				CLANG_WARN_INFINITE_RECURSION = YES;
				CLANG_WARN_INT_CONVERSION = YES;
				CLANG_WARN_NON_LITERAL_NULL_CONVERSION = YES;
				CLANG_WARN_OBJC_IMPLICIT_RETAIN_SELF = YES;
				CLANG_WARN_OBJC_LITERAL_CONVERSION = YES;
				CLANG_WARN_OBJC_ROOT_CLASS = YES_ERROR;
				CLANG_WARN_QUOTED_INCLUDE_IN_FRAMEWORK_HEADER = YES;
				CLANG_WARN_RANGE_LOOP_ANALYSIS = YES;
				CLANG_WARN_STRICT_PROTOTYPES = YES;
				CLANG_WARN_SUSPICIOUS_MOVE = YES;
				CLANG_WARN_UNGUARDED_AVAILABILITY = YES_AGGRESSIVE;
				CLANG_WARN_UNREACHABLE_CODE = YES;
				CLANG_WARN__DUPLICATE_METHOD_MATCH = YES;
				COPY_PHASE_STRIP = NO;
				DEBUG_INFORMATION_FORMAT = dwarf;
				ENABLE_STRICT_OBJC_MSGSEND = YES;
				ENABLE_TESTABILITY = YES;
				GCC_C_LANGUAGE_STANDARD = gnu11;
				GCC_DYNAMIC_NO_PIC = NO;
				GCC_NO_COMMON_BLOCKS = YES;
				GCC_OPTIMIZATION_LEVEL = 0;
				GCC_PREPROCESSOR_DEFINITIONS = (
					"DEBUG=1",
					"$(inherited)",
				);
				GCC_WARN_64_TO_32_BIT_CONVERSION = YES;
				GCC_WARN_ABOUT_RETURN_TYPE = YES_ERROR;
				GCC_WARN_UNDECLARED_SELECTOR = YES;
				GCC_WARN_UNINITIALIZED_AUTOS = YES_AGGRESSIVE;
				GCC_WARN_UNUSED_FUNCTION = YES;
				GCC_WARN_UNUSED_VARIABLE = YES;
				IPHONEOS_DEPLOYMENT_TARGET = 15.4;
				MTL_ENABLE_DEBUG_INFO = INCLUDE_SOURCE;
				MTL_FAST_MATH = YES;
				ONLY_ACTIVE_ARCH = YES;
				SDKROOT = iphoneos;
				SWIFT_ACTIVE_COMPILATION_CONDITIONS = DEBUG;
				SWIFT_OPTIMIZATION_LEVEL = "-Onone";
			};
			name = Debug;
		};
		A8AC9F8327E3131D0042F849 /* Release */ = {
			isa = XCBuildConfiguration;
			buildSettings = {
				ALWAYS_SEARCH_USER_PATHS = NO;
				CLANG_ANALYZER_NONNULL = YES;
				CLANG_ANALYZER_NUMBER_OBJECT_CONVERSION = YES_AGGRESSIVE;
				CLANG_CXX_LANGUAGE_STANDARD = "gnu++17";
				CLANG_ENABLE_MODULES = YES;
				CLANG_ENABLE_OBJC_ARC = YES;
				CLANG_ENABLE_OBJC_WEAK = YES;
				CLANG_WARN_BLOCK_CAPTURE_AUTORELEASING = YES;
				CLANG_WARN_BOOL_CONVERSION = YES;
				CLANG_WARN_COMMA = YES;
				CLANG_WARN_CONSTANT_CONVERSION = YES;
				CLANG_WARN_DEPRECATED_OBJC_IMPLEMENTATIONS = YES;
				CLANG_WARN_DIRECT_OBJC_ISA_USAGE = YES_ERROR;
				CLANG_WARN_DOCUMENTATION_COMMENTS = YES;
				CLANG_WARN_EMPTY_BODY = YES;
				CLANG_WARN_ENUM_CONVERSION = YES;
				CLANG_WARN_INFINITE_RECURSION = YES;
				CLANG_WARN_INT_CONVERSION = YES;
				CLANG_WARN_NON_LITERAL_NULL_CONVERSION = YES;
				CLANG_WARN_OBJC_IMPLICIT_RETAIN_SELF = YES;
				CLANG_WARN_OBJC_LITERAL_CONVERSION = YES;
				CLANG_WARN_OBJC_ROOT_CLASS = YES_ERROR;
				CLANG_WARN_QUOTED_INCLUDE_IN_FRAMEWORK_HEADER = YES;
				CLANG_WARN_RANGE_LOOP_ANALYSIS = YES;
				CLANG_WARN_STRICT_PROTOTYPES = YES;
				CLANG_WARN_SUSPICIOUS_MOVE = YES;
				CLANG_WARN_UNGUARDED_AVAILABILITY = YES_AGGRESSIVE;
				CLANG_WARN_UNREACHABLE_CODE = YES;
				CLANG_WARN__DUPLICATE_METHOD_MATCH = YES;
				COPY_PHASE_STRIP = NO;
				DEBUG_INFORMATION_FORMAT = "dwarf-with-dsym";
				ENABLE_NS_ASSERTIONS = NO;
				ENABLE_STRICT_OBJC_MSGSEND = YES;
				GCC_C_LANGUAGE_STANDARD = gnu11;
				GCC_NO_COMMON_BLOCKS = YES;
				GCC_WARN_64_TO_32_BIT_CONVERSION = YES;
				GCC_WARN_ABOUT_RETURN_TYPE = YES_ERROR;
				GCC_WARN_UNDECLARED_SELECTOR = YES;
				GCC_WARN_UNINITIALIZED_AUTOS = YES_AGGRESSIVE;
				GCC_WARN_UNUSED_FUNCTION = YES;
				GCC_WARN_UNUSED_VARIABLE = YES;
				IPHONEOS_DEPLOYMENT_TARGET = 15.4;
				MTL_ENABLE_DEBUG_INFO = NO;
				MTL_FAST_MATH = YES;
				SDKROOT = iphoneos;
				SWIFT_COMPILATION_MODE = wholemodule;
				SWIFT_OPTIMIZATION_LEVEL = "-O";
				VALIDATE_PRODUCT = YES;
			};
			name = Release;
		};
		A8AC9F8527E3131D0042F849 /* Debug */ = {
			isa = XCBuildConfiguration;
			baseConfigurationReference = 5C8F23C0696D5EEE430A29E7 /* Pods-Catstagram.debug.xcconfig */;
			buildSettings = {
				ASSETCATALOG_COMPILER_APPICON_NAME = AppIcon;
				ASSETCATALOG_COMPILER_GLOBAL_ACCENT_COLOR_NAME = AccentColor;
				CODE_SIGN_STYLE = Automatic;
				CURRENT_PROJECT_VERSION = 1;
				DEVELOPMENT_TEAM = MMM58CZBQF;
				GENERATE_INFOPLIST_FILE = YES;
				INFOPLIST_FILE = Catstagram/Info.plist;
				INFOPLIST_KEY_UIApplicationSupportsIndirectInputEvents = YES;
				INFOPLIST_KEY_UILaunchStoryboardName = LaunchScreen;
				INFOPLIST_KEY_UIMainStoryboardFile = Main;
				INFOPLIST_KEY_UISupportedInterfaceOrientations_iPad = "UIInterfaceOrientationPortrait UIInterfaceOrientationPortraitUpsideDown UIInterfaceOrientationLandscapeLeft UIInterfaceOrientationLandscapeRight";
				INFOPLIST_KEY_UISupportedInterfaceOrientations_iPhone = "UIInterfaceOrientationPortrait UIInterfaceOrientationLandscapeLeft UIInterfaceOrientationLandscapeRight";
				LD_RUNPATH_SEARCH_PATHS = (
					"$(inherited)",
					"@executable_path/Frameworks",
				);
				MARKETING_VERSION = 1.0;
				PRODUCT_BUNDLE_IDENTIFIER = com.yeonghyeon.Catstagram;
				PRODUCT_NAME = "$(TARGET_NAME)";
				SWIFT_EMIT_LOC_STRINGS = YES;
				SWIFT_VERSION = 5.0;
				TARGETED_DEVICE_FAMILY = "1,2";
			};
			name = Debug;
		};
		A8AC9F8627E3131D0042F849 /* Release */ = {
			isa = XCBuildConfiguration;
			baseConfigurationReference = EEC912FDF6C174AAAD663DC8 /* Pods-Catstagram.release.xcconfig */;
			buildSettings = {
				ASSETCATALOG_COMPILER_APPICON_NAME = AppIcon;
				ASSETCATALOG_COMPILER_GLOBAL_ACCENT_COLOR_NAME = AccentColor;
				CODE_SIGN_STYLE = Automatic;
				CURRENT_PROJECT_VERSION = 1;
				DEVELOPMENT_TEAM = MMM58CZBQF;
				GENERATE_INFOPLIST_FILE = YES;
				INFOPLIST_FILE = Catstagram/Info.plist;
				INFOPLIST_KEY_UIApplicationSupportsIndirectInputEvents = YES;
				INFOPLIST_KEY_UILaunchStoryboardName = LaunchScreen;
				INFOPLIST_KEY_UIMainStoryboardFile = Main;
				INFOPLIST_KEY_UISupportedInterfaceOrientations_iPad = "UIInterfaceOrientationPortrait UIInterfaceOrientationPortraitUpsideDown UIInterfaceOrientationLandscapeLeft UIInterfaceOrientationLandscapeRight";
				INFOPLIST_KEY_UISupportedInterfaceOrientations_iPhone = "UIInterfaceOrientationPortrait UIInterfaceOrientationLandscapeLeft UIInterfaceOrientationLandscapeRight";
				LD_RUNPATH_SEARCH_PATHS = (
					"$(inherited)",
					"@executable_path/Frameworks",
				);
				MARKETING_VERSION = 1.0;
				PRODUCT_BUNDLE_IDENTIFIER = com.yeonghyeon.Catstagram;
				PRODUCT_NAME = "$(TARGET_NAME)";
				SWIFT_EMIT_LOC_STRINGS = YES;
				SWIFT_VERSION = 5.0;
				TARGETED_DEVICE_FAMILY = "1,2";
			};
			name = Release;
		};
/* End XCBuildConfiguration section */

/* Begin XCConfigurationList section */
		A8AC9F6B27E313190042F849 /* Build configuration list for PBXProject "Catstagram" */ = {
			isa = XCConfigurationList;
			buildConfigurations = (
				A8AC9F8227E3131D0042F849 /* Debug */,
				A8AC9F8327E3131D0042F849 /* Release */,
			);
			defaultConfigurationIsVisible = 0;
			defaultConfigurationName = Release;
		};
		A8AC9F8427E3131D0042F849 /* Build configuration list for PBXNativeTarget "Catstagram" */ = {
			isa = XCConfigurationList;
			buildConfigurations = (
				A8AC9F8527E3131D0042F849 /* Debug */,
				A8AC9F8627E3131D0042F849 /* Release */,
			);
			defaultConfigurationIsVisible = 0;
			defaultConfigurationName = Release;
		};
/* End XCConfigurationList section */
	};
	rootObject = A8AC9F6827E313190042F849 /* Project object */;
}
